
Microsoft Visual Studio Solution File, Format Version 12.00
# Visual Studio Version 17
VisualStudioVersion = 17.9.34622.214
MinimumVisualStudioVersion = 10.0.40219.1
Project("{FAE04EC0-301F-11D3-BF4B-00C04F79EFBC}") = "Patern6CSharp", "Patern6CSharp\Patern6CSharp.csproj", "{B5271219-7308-4531-AB1F-330874A14200}"
EndProject
Global
	GlobalSection(SolutionConfigurationPlatforms) = preSolution
		Debug|Any CPU = Debug|Any CPU
		Release|Any CPU = Release|Any CPU
	EndGlobalSection
	GlobalSection(ProjectConfigurationPlatforms) = postSolution
		{B5271219-7308-4531-AB1F-330874A14200}.Debug|Any CPU.ActiveCfg = Debug|Any CPU
		{B5271219-7308-4531-AB1F-330874A14200}.Debug|Any CPU.Build.0 = Debug|Any CPU
		{B5271219-7308-4531-AB1F-330874A14200}.Release|Any CPU.ActiveCfg = Release|Any CPU
		{B5271219-7308-4531-AB1F-330874A14200}.Release|Any CPU.Build.0 = Release|Any CPU
	EndGlobalSection
	GlobalSection(SolutionProperties) = preSolution
		HideSolutionNode = FALSE
	EndGlobalSection
	GlobalSection(ExtensibilityGlobals) = postSolution
		SolutionGuid = {AD96E4D0-154E-4AB1-B001-EE90AF19FA84}
	EndGlobalSection
EndGlobal
